
Microsoft Visual Studio Solution File, Format Version 12.00
# Visual Studio Version 17
VisualStudioVersion = 17.8.34511.84
MinimumVisualStudioVersion = 10.0.40219.1
Project("{FAE04EC0-301F-11D3-BF4B-00C04F79EFBC}") = "WebApplication3", "WebApplication3.csproj", "{B652548C-2C25-4A9E-BAD3-67B249074DEB}"
EndProject
Global
	GlobalSection(SolutionConfigurationPlatforms) = preSolution
		Debug|Any CPU = Debug|Any CPU
		Release|Any CPU = Release|Any CPU
	EndGlobalSection
	GlobalSection(ProjectConfigurationPlatforms) = postSolution
		{B652548C-2C25-4A9E-BAD3-67B249074DEB}.Debug|Any CPU.ActiveCfg = Debug|Any CPU
		{B652548C-2C25-4A9E-BAD3-67B249074DEB}.Debug|Any CPU.Build.0 = Debug|Any CPU
		{B652548C-2C25-4A9E-BAD3-67B249074DEB}.Release|Any CPU.ActiveCfg = Release|Any CPU
		{B652548C-2C25-4A9E-BAD3-67B249074DEB}.Release|Any CPU.Build.0 = Release|Any CPU
	EndGlobalSection
	GlobalSection(SolutionProperties) = preSolution
		HideSolutionNode = FALSE
	EndGlobalSection
	GlobalSection(ExtensibilityGlobals) = postSolution
		SolutionGuid = {F59EDB2D-4132-4A33-A12C-2569578C2E29}
	EndGlobalSection
EndGlobal
