
Microsoft Visual Studio Solution File, Format Version 12.00
# Visual Studio Version 17
VisualStudioVersion = 17.8.34511.84
MinimumVisualStudioVersion = 10.0.40219.1
Project("{9A19103F-16F7-4668-BE54-9A1E7A4F7556}") = "MyAppWeb", "MyAppWeb.csproj", "{F7397282-ED36-4D4F-9716-E6334ED8D54A}"
EndProject
Project("{FAE04EC0-301F-11D3-BF4B-00C04F79EFBC}") = "MyApp.Models", "..\MyApp.Models\MyApp.Models.csproj", "{B4432749-767B-419F-9A45-652C7DF682E0}"
EndProject
Project("{FAE04EC0-301F-11D3-BF4B-00C04F79EFBC}") = "MyApp.DataAccessLayer", "..\MyApp.DataAccessLayer\MyApp.DataAccessLayer.csproj", "{C3EE1710-D674-47E3-9A3D-DF6E3ED23782}"
EndProject
Global
	GlobalSection(SolutionConfigurationPlatforms) = preSolution
		Debug|Any CPU = Debug|Any CPU
		Release|Any CPU = Release|Any CPU
	EndGlobalSection
	GlobalSection(ProjectConfigurationPlatforms) = postSolution
		{F7397282-ED36-4D4F-9716-E6334ED8D54A}.Debug|Any CPU.ActiveCfg = Debug|Any CPU
		{F7397282-ED36-4D4F-9716-E6334ED8D54A}.Debug|Any CPU.Build.0 = Debug|Any CPU
		{F7397282-ED36-4D4F-9716-E6334ED8D54A}.Release|Any CPU.ActiveCfg = Release|Any CPU
		{F7397282-ED36-4D4F-9716-E6334ED8D54A}.Release|Any CPU.Build.0 = Release|Any CPU
		{B4432749-767B-419F-9A45-652C7DF682E0}.Debug|Any CPU.ActiveCfg = Debug|Any CPU
		{B4432749-767B-419F-9A45-652C7DF682E0}.Debug|Any CPU.Build.0 = Debug|Any CPU
		{B4432749-767B-419F-9A45-652C7DF682E0}.Release|Any CPU.ActiveCfg = Release|Any CPU
		{B4432749-767B-419F-9A45-652C7DF682E0}.Release|Any CPU.Build.0 = Release|Any CPU
		{C3EE1710-D674-47E3-9A3D-DF6E3ED23782}.Debug|Any CPU.ActiveCfg = Debug|Any CPU
		{C3EE1710-D674-47E3-9A3D-DF6E3ED23782}.Debug|Any CPU.Build.0 = Debug|Any CPU
		{C3EE1710-D674-47E3-9A3D-DF6E3ED23782}.Release|Any CPU.ActiveCfg = Release|Any CPU
		{C3EE1710-D674-47E3-9A3D-DF6E3ED23782}.Release|Any CPU.Build.0 = Release|Any CPU
	EndGlobalSection
	GlobalSection(SolutionProperties) = preSolution
		HideSolutionNode = FALSE
	EndGlobalSection
	GlobalSection(ExtensibilityGlobals) = postSolution
		SolutionGuid = {14CF2033-ECCD-45AD-B9A4-3658DD1C4E45}
	EndGlobalSection
EndGlobal
